// !$*UTF8*$!
{
	archiveVersion = 1;
	classes = {
	};
	objectVersion = 46;
	objects = {

/* Begin PBXBuildFile section */
		4EF62BC71AB93F9D0026FC00 /* main.c in Sources */ = {isa = PBXBuildFile; fileRef = 4EF62BC61AB93F9D0026FC00 /* main.c */; };
		4EF62BCE1AB940B10026FC00 /* README.md in Sources */ = {isa = PBXBuildFile; fileRef = 4EF62BCD1AB940B10026FC00 /* README.md */; };
/* End PBXBuildFile section */

/* Begin PBXCopyFilesBuildPhase section */
		4EF62BC11AB93F9D0026FC00 /* CopyFiles */ = {
			isa = PBXCopyFilesBuildPhase;
			buildActionMask = 2147483647;
			dstPath = /usr/share/man/man1/;
			dstSubfolderSpec = 0;
			files = (
			);
			runOnlyForDeploymentPostprocessing = 1;
		};
/* End PBXCopyFilesBuildPhase section */

/* Begin PBXFileReference section */
		4EF62BC31AB93F9D0026FC00 /* Numerics */ = {isa = PBXFileReference; explicitFileType = "compiled.mach-o.executable"; includeInIndex = 0; path = Numerics; sourceTree = BUILT_PRODUCTS_DIR; };
		4EF62BC61AB93F9D0026FC00 /* main.c */ = {isa = PBXFileReference; lastKnownFileType = sourcecode.c.c; path = main.c; sourceTree = "<group>"; };
		4EF62BCD1AB940B10026FC00 /* README.md */ = {isa = PBXFileReference; fileEncoding = 4; lastKnownFileType = net.daringfireball.markdown; path = README.md; sourceTree = "<group>"; };
/* End PBXFileReference section */

/* Begin PBXFrameworksBuildPhase section */
		4EF62BC01AB93F9D0026FC00 /* Frameworks */ = {
			isa = PBXFrameworksBuildPhase;
			buildActionMask = 2147483647;
			files = (
			);
			runOnlyForDeploymentPostprocessing = 0;
		};
/* End PBXFrameworksBuildPhase section */

/* Begin PBXGroup section */
		4EF62BBA1AB93F9D0026FC00 = {
			isa = PBXGroup;
			children = (
				4EF62BCD1AB940B10026FC00 /* README.md */,
				4EF62BC51AB93F9D0026FC00 /* Numerics */,
				4EF62BC41AB93F9D0026FC00 /* Products */,
			);
			sourceTree = "<group>";
		};
		4EF62BC41AB93F9D0026FC00 /* Products */ = {
			isa = PBXGroup;
			children = (
				4EF62BC31AB93F9D0026FC00 /* Numerics */,
			);
			name = Products;
			sourceTree = "<group>";
		};
		4EF62BC51AB93F9D0026FC00 /* Numerics */ = {
			isa = PBXGroup;
			children = (
				4EF62BC61AB93F9D0026FC00 /* main.c */,
			);
			path = Numerics;
			sourceTree = "<group>";
		};
/* End PBXGroup section */

/* Begin PBXNativeTarget section */
		4EF62BC21AB93F9D0026FC00 /* Numerics */ = {
			isa = PBXNativeTarget;
			buildConfigurationList = 4EF62BCA1AB93F9D0026FC00 /* Build configuration list for PBXNativeTarget "Numerics" */;
			buildPhases = (
				4EF62BBF1AB93F9D0026FC00 /* Sources */,
				4EF62BC01AB93F9D0026FC00 /* Frameworks */,
				4EF62BC11AB93F9D0026FC00 /* CopyFiles */,
			);
			buildRules = (
			);
			dependencies = (
			);
			name = Numerics;
			productName = Numerics;
			productReference = 4EF62BC31AB93F9D0026FC00 /* Numerics */;
			productType = "com.apple.product-type.tool";
		};
/* End PBXNativeTarget section */

/* Begin PBXProject section */
		4EF62BBB1AB93F9D0026FC00 /* Project object */ = {
			isa = PBXProject;
			attributes = {
				LastUpgradeCheck = 0620;
				ORGANIZATIONNAME = "楊樹華";
				TargetAttributes = {
					4EF62BC21AB93F9D0026FC00 = {
						CreatedOnToolsVersion = 6.2;
					};
				};
			};
			buildConfigurationList = 4EF62BBE1AB93F9D0026FC00 /* Build configuration list for PBXProject "Numerics" */;
			compatibilityVersion = "Xcode 3.2";
			developmentRegion = English;
			hasScannedForEncodings = 0;
			knownRegions = (
				en,
			);
			mainGroup = 4EF62BBA1AB93F9D0026FC00;
			productRefGroup = 4EF62BC41AB93F9D0026FC00 /* Products */;
			projectDirPath = "";
			projectRoot = "";
			targets = (
				4EF62BC21AB93F9D0026FC00 /* Numerics */,
			);
		};
/* End PBXProject section */

/* Begin PBXSourcesBuildPhase section */
		4EF62BBF1AB93F9D0026FC00 /* Sources */ = {
			isa = PBXSourcesBuildPhase;
			buildActionMask = 2147483647;
			files = (
				4EF62BCE1AB940B10026FC00 /* README.md in Sources */,
				4EF62BC71AB93F9D0026FC00 /* main.c in Sources */,
			);
			runOnlyForDeploymentPostprocessing = 0;
		};
/* End PBXSourcesBuildPhase section */

/* Begin XCBuildConfiguration section */
		4EF62BC81AB93F9D0026FC00 /* Debug */ = {
			isa = XCBuildConfiguration;
			buildSettings = {
				ALWAYS_SEARCH_USER_PATHS = NO;
				CLANG_CXX_LANGUAGE_STANDARD = "gnu++0x";
				CLANG_CXX_LIBRARY = "libc++";
				CLANG_ENABLE_MODULES = YES;
				CLANG_ENABLE_OBJC_ARC = YES;
				CLANG_WARN_BOOL_CONVERSION = YES;
				CLANG_WARN_CONSTANT_CONVERSION = YES;
				CLANG_WARN_DIRECT_OBJC_ISA_USAGE = YES_ERROR;
				CLANG_WARN_EMPTY_BODY = YES;
				CLANG_WARN_ENUM_CONVERSION = YES;
				CLANG_WARN_INT_CONVERSION = YES;
				CLANG_WARN_OBJC_ROOT_CLASS = YES_ERROR;
				CLANG_WARN_UNREACHABLE_CODE = YES;
				CLANG_WARN__DUPLICATE_METHOD_MATCH = YES;
				COPY_PHASE_STRIP = NO;
				ENABLE_STRICT_OBJC_MSGSEND = YES;
				GCC_C_LANGUAGE_STANDARD = gnu99;
				GCC_DYNAMIC_NO_PIC = NO;
				GCC_OPTIMIZATION_LEVEL = 0;
				GCC_PREPROCESSOR_DEFINITIONS = (
					"DEBUG=1",
					"$(inherited)",
				);
				GCC_SYMBOLS_PRIVATE_EXTERN = NO;
				GCC_WARN_64_TO_32_BIT_CONVERSION = YES;
				GCC_WARN_ABOUT_RETURN_TYPE = YES_ERROR;
				GCC_WARN_UNDECLARED_SELECTOR = YES;
				GCC_WARN_UNINITIALIZED_AUTOS = YES_AGGRESSIVE;
				GCC_WARN_UNUSED_FUNCTION = YES;
				GCC_WARN_UNUSED_VARIABLE = YES;
				MACOSX_DEPLOYMENT_TARGET = 10.10;
				MTL_ENABLE_DEBUG_INFO = YES;
				ONLY_ACTIVE_ARCH = YES;
				SDKROOT = macosx;
			};
			name = Debug;
		};
		4EF62BC91AB93F9D0026FC00 /* Release */ = {
			isa = XCBuildConfiguration;
			buildSettings = {
				ALWAYS_SEARCH_USER_PATHS = NO;
				CLANG_CXX_LANGUAGE_STANDARD = "gnu++0x";
				CLANG_CXX_LIBRARY = "libc++";
				CLANG_ENABLE_MODULES = YES;
				CLANG_ENABLE_OBJC_ARC = YES;
				CLANG_WARN_BOOL_CONVERSION = YES;
				CLANG_WARN_CONSTANT_CONVERSION = YES;
				CLANG_WARN_DIRECT_OBJC_ISA_USAGE = YES_ERROR;
				CLANG_WARN_EMPTY_BODY = YES;
				CLANG_WARN_ENUM_CONVERSION = YES;
				CLANG_WARN_INT_CONVERSION = YES;
				CLANG_WARN_OBJC_ROOT_CLASS = YES_ERROR;
				CLANG_WARN_UNREACHABLE_CODE = YES;
				CLANG_WARN__DUPLICATE_METHOD_MATCH = YES;
				COPY_PHASE_STRIP = NO;
				DEBUG_INFORMATION_FORMAT = "dwarf-with-dsym";
				ENABLE_NS_ASSERTIONS = NO;
				ENABLE_STRICT_OBJC_MSGSEND = YES;
				GCC_C_LANGUAGE_STANDARD = gnu99;
				GCC_WARN_64_TO_32_BIT_CONVERSION = YES;
				GCC_WARN_ABOUT_RETURN_TYPE = YES_ERROR;
				GCC_WARN_UNDECLARED_SELECTOR = YES;
				GCC_WARN_UNINITIALIZED_AUTOS = YES_AGGRESSIVE;
				GCC_WARN_UNUSED_FUNCTION = YES;
				GCC_WARN_UNUSED_VARIABLE = YES;
				MACOSX_DEPLOYMENT_TARGET = 10.10;
				MTL_ENABLE_DEBUG_INFO = NO;
				SDKROOT = macosx;
			};
			name = Release;
		};
		4EF62BCB1AB93F9D0026FC00 /* Debug */ = {
			isa = XCBuildConfiguration;
			buildSettings = {
				PRODUCT_NAME = "$(TARGET_NAME)";
			};
			name = Debug;
		};
		4EF62BCC1AB93F9D0026FC00 /* Release */ = {
			isa = XCBuildConfiguration;
			buildSettings = {
				PRODUCT_NAME = "$(TARGET_NAME)";
			};
			name = Release;
		};
/* End XCBuildConfiguration section */

/* Begin XCConfigurationList section */
		4EF62BBE1AB93F9D0026FC00 /* Build configuration list for PBXProject "Numerics" */ = {
			isa = XCConfigurationList;
			buildConfigurations = (
				4EF62BC81AB93F9D0026FC00 /* Debug */,
				4EF62BC91AB93F9D0026FC00 /* Release */,
			);
			defaultConfigurationIsVisible = 0;
			defaultConfigurationName = Release;
		};
		4EF62BCA1AB93F9D0026FC00 /* Build configuration list for PBXNativeTarget "Numerics" */ = {
			isa = XCConfigurationList;
			buildConfigurations = (
				4EF62BCB1AB93F9D0026FC00 /* Debug */,
				4EF62BCC1AB93F9D0026FC00 /* Release */,
			);
			defaultConfigurationIsVisible = 0;
		};
/* End XCConfigurationList section */
	};
	rootObject = 4EF62BBB1AB93F9D0026FC00 /* Project object */;
}
