// !$*UTF8*$!
{
	archiveVersion = 1;
	classes = {
	};
	objectVersion = 46;
	objects = {

/* Begin PBXBuildFile section */
		4EAD91A11AB944760017FACF /* main.c in Sources */ = {isa = PBXBuildFile; fileRef = 4EAD91A01AB944760017FACF /* main.c */; };
		4EE87DDD1AB9450500BAF340 /* shmath.c in Sources */ = {isa = PBXBuildFile; fileRef = 4EE87DDB1AB9450500BAF340 /* shmath.c */; };
		4EE87DDF1AB9453600BAF340 /* README.md in Sources */ = {isa = PBXBuildFile; fileRef = 4EE87DDE1AB9453600BAF340 /* README.md */; };
/* End PBXBuildFile section */

/* Begin PBXCopyFilesBuildPhase section */
		4EAD919B1AB944760017FACF /* CopyFiles */ = {
			isa = PBXCopyFilesBuildPhase;
			buildActionMask = 2147483647;
			dstPath = /usr/share/man/man1/;
			dstSubfolderSpec = 0;
			files = (
			);
			runOnlyForDeploymentPostprocessing = 1;
		};
/* End PBXCopyFilesBuildPhase section */

/* Begin PBXFileReference section */
		4EAD919D1AB944760017FACF /* ymath */ = {isa = PBXFileReference; explicitFileType = "compiled.mach-o.executable"; includeInIndex = 0; path = ymath; sourceTree = BUILT_PRODUCTS_DIR; };
		4EAD91A01AB944760017FACF /* main.c */ = {isa = PBXFileReference; lastKnownFileType = sourcecode.c.c; path = main.c; sourceTree = "<group>"; };
		4EE87DDB1AB9450500BAF340 /* shmath.c */ = {isa = PBXFileReference; fileEncoding = 4; lastKnownFileType = sourcecode.c.c; path = shmath.c; sourceTree = "<group>"; };
		4EE87DDC1AB9450500BAF340 /* shmath.h */ = {isa = PBXFileReference; fileEncoding = 4; lastKnownFileType = sourcecode.c.h; path = shmath.h; sourceTree = "<group>"; };
		4EE87DDE1AB9453600BAF340 /* README.md */ = {isa = PBXFileReference; fileEncoding = 4; lastKnownFileType = net.daringfireball.markdown; path = README.md; sourceTree = "<group>"; };
/* End PBXFileReference section */

/* Begin PBXFrameworksBuildPhase section */
		4EAD919A1AB944760017FACF /* Frameworks */ = {
			isa = PBXFrameworksBuildPhase;
			buildActionMask = 2147483647;
			files = (
			);
			runOnlyForDeploymentPostprocessing = 0;
		};
/* End PBXFrameworksBuildPhase section */

/* Begin PBXGroup section */
		4EAD91941AB944760017FACF = {
			isa = PBXGroup;
			children = (
				4EE87DDE1AB9453600BAF340 /* README.md */,
				4EAD919F1AB944760017FACF /* ymath */,
				4EAD919E1AB944760017FACF /* Products */,
			);
			sourceTree = "<group>";
		};
		4EAD919E1AB944760017FACF /* Products */ = {
			isa = PBXGroup;
			children = (
				4EAD919D1AB944760017FACF /* ymath */,
			);
			name = Products;
			sourceTree = "<group>";
		};
		4EAD919F1AB944760017FACF /* ymath */ = {
			isa = PBXGroup;
			children = (
				4EE87DDB1AB9450500BAF340 /* shmath.c */,
				4EE87DDC1AB9450500BAF340 /* shmath.h */,
				4EAD91A01AB944760017FACF /* main.c */,
			);
			path = ymath;
			sourceTree = "<group>";
		};
/* End PBXGroup section */

/* Begin PBXNativeTarget section */
		4EAD919C1AB944760017FACF /* ymath */ = {
			isa = PBXNativeTarget;
			buildConfigurationList = 4EAD91A41AB944760017FACF /* Build configuration list for PBXNativeTarget "ymath" */;
			buildPhases = (
				4EAD91991AB944760017FACF /* Sources */,
				4EAD919A1AB944760017FACF /* Frameworks */,
				4EAD919B1AB944760017FACF /* CopyFiles */,
			);
			buildRules = (
			);
			dependencies = (
			);
			name = ymath;
			productName = ymath;
			productReference = 4EAD919D1AB944760017FACF /* ymath */;
			productType = "com.apple.product-type.tool";
		};
/* End PBXNativeTarget section */

/* Begin PBXProject section */
		4EAD91951AB944760017FACF /* Project object */ = {
			isa = PBXProject;
			attributes = {
				LastUpgradeCheck = 0620;
				ORGANIZATIONNAME = "楊樹華";
				TargetAttributes = {
					4EAD919C1AB944760017FACF = {
						CreatedOnToolsVersion = 6.2;
					};
				};
			};
			buildConfigurationList = 4EAD91981AB944760017FACF /* Build configuration list for PBXProject "ymath" */;
			compatibilityVersion = "Xcode 3.2";
			developmentRegion = English;
			hasScannedForEncodings = 0;
			knownRegions = (
				en,
			);
			mainGroup = 4EAD91941AB944760017FACF;
			productRefGroup = 4EAD919E1AB944760017FACF /* Products */;
			projectDirPath = "";
			projectRoot = "";
			targets = (
				4EAD919C1AB944760017FACF /* ymath */,
			);
		};
/* End PBXProject section */

/* Begin PBXSourcesBuildPhase section */
		4EAD91991AB944760017FACF /* Sources */ = {
			isa = PBXSourcesBuildPhase;
			buildActionMask = 2147483647;
			files = (
				4EE87DDF1AB9453600BAF340 /* README.md in Sources */,
				4EE87DDD1AB9450500BAF340 /* shmath.c in Sources */,
				4EAD91A11AB944760017FACF /* main.c in Sources */,
			);
			runOnlyForDeploymentPostprocessing = 0;
		};
/* End PBXSourcesBuildPhase section */

/* Begin XCBuildConfiguration section */
		4EAD91A21AB944760017FACF /* Debug */ = {
			isa = XCBuildConfiguration;
			buildSettings = {
				ALWAYS_SEARCH_USER_PATHS = NO;
				CLANG_CXX_LANGUAGE_STANDARD = "gnu++0x";
				CLANG_CXX_LIBRARY = "libc++";
				CLANG_ENABLE_MODULES = YES;
				CLANG_ENABLE_OBJC_ARC = YES;
				CLANG_WARN_BOOL_CONVERSION = YES;
				CLANG_WARN_CONSTANT_CONVERSION = YES;
				CLANG_WARN_DIRECT_OBJC_ISA_USAGE = YES_ERROR;
				CLANG_WARN_EMPTY_BODY = YES;
				CLANG_WARN_ENUM_CONVERSION = YES;
				CLANG_WARN_INT_CONVERSION = YES;
				CLANG_WARN_OBJC_ROOT_CLASS = YES_ERROR;
				CLANG_WARN_UNREACHABLE_CODE = YES;
				CLANG_WARN__DUPLICATE_METHOD_MATCH = YES;
				COPY_PHASE_STRIP = NO;
				ENABLE_STRICT_OBJC_MSGSEND = YES;
				GCC_C_LANGUAGE_STANDARD = gnu99;
				GCC_DYNAMIC_NO_PIC = NO;
				GCC_OPTIMIZATION_LEVEL = 0;
				GCC_PREPROCESSOR_DEFINITIONS = (
					"DEBUG=1",
					"$(inherited)",
				);
				GCC_SYMBOLS_PRIVATE_EXTERN = NO;
				GCC_WARN_64_TO_32_BIT_CONVERSION = YES;
				GCC_WARN_ABOUT_RETURN_TYPE = YES_ERROR;
				GCC_WARN_UNDECLARED_SELECTOR = YES;
				GCC_WARN_UNINITIALIZED_AUTOS = YES_AGGRESSIVE;
				GCC_WARN_UNUSED_FUNCTION = YES;
				GCC_WARN_UNUSED_VARIABLE = YES;
				MACOSX_DEPLOYMENT_TARGET = 10.10;
				MTL_ENABLE_DEBUG_INFO = YES;
				ONLY_ACTIVE_ARCH = YES;
				SDKROOT = macosx;
			};
			name = Debug;
		};
		4EAD91A31AB944760017FACF /* Release */ = {
			isa = XCBuildConfiguration;
			buildSettings = {
				ALWAYS_SEARCH_USER_PATHS = NO;
				CLANG_CXX_LANGUAGE_STANDARD = "gnu++0x";
				CLANG_CXX_LIBRARY = "libc++";
				CLANG_ENABLE_MODULES = YES;
				CLANG_ENABLE_OBJC_ARC = YES;
				CLANG_WARN_BOOL_CONVERSION = YES;
				CLANG_WARN_CONSTANT_CONVERSION = YES;
				CLANG_WARN_DIRECT_OBJC_ISA_USAGE = YES_ERROR;
				CLANG_WARN_EMPTY_BODY = YES;
				CLANG_WARN_ENUM_CONVERSION = YES;
				CLANG_WARN_INT_CONVERSION = YES;
				CLANG_WARN_OBJC_ROOT_CLASS = YES_ERROR;
				CLANG_WARN_UNREACHABLE_CODE = YES;
				CLANG_WARN__DUPLICATE_METHOD_MATCH = YES;
				COPY_PHASE_STRIP = NO;
				DEBUG_INFORMATION_FORMAT = "dwarf-with-dsym";
				ENABLE_NS_ASSERTIONS = NO;
				ENABLE_STRICT_OBJC_MSGSEND = YES;
				GCC_C_LANGUAGE_STANDARD = gnu99;
				GCC_WARN_64_TO_32_BIT_CONVERSION = YES;
				GCC_WARN_ABOUT_RETURN_TYPE = YES_ERROR;
				GCC_WARN_UNDECLARED_SELECTOR = YES;
				GCC_WARN_UNINITIALIZED_AUTOS = YES_AGGRESSIVE;
				GCC_WARN_UNUSED_FUNCTION = YES;
				GCC_WARN_UNUSED_VARIABLE = YES;
				MACOSX_DEPLOYMENT_TARGET = 10.10;
				MTL_ENABLE_DEBUG_INFO = NO;
				SDKROOT = macosx;
			};
			name = Release;
		};
		4EAD91A51AB944760017FACF /* Debug */ = {
			isa = XCBuildConfiguration;
			buildSettings = {
				PRODUCT_NAME = "$(TARGET_NAME)";
			};
			name = Debug;
		};
		4EAD91A61AB944760017FACF /* Release */ = {
			isa = XCBuildConfiguration;
			buildSettings = {
				PRODUCT_NAME = "$(TARGET_NAME)";
			};
			name = Release;
		};
/* End XCBuildConfiguration section */

/* Begin XCConfigurationList section */
		4EAD91981AB944760017FACF /* Build configuration list for PBXProject "ymath" */ = {
			isa = XCConfigurationList;
			buildConfigurations = (
				4EAD91A21AB944760017FACF /* Debug */,
				4EAD91A31AB944760017FACF /* Release */,
			);
			defaultConfigurationIsVisible = 0;
			defaultConfigurationName = Release;
		};
		4EAD91A41AB944760017FACF /* Build configuration list for PBXNativeTarget "ymath" */ = {
			isa = XCConfigurationList;
			buildConfigurations = (
				4EAD91A51AB944760017FACF /* Debug */,
				4EAD91A61AB944760017FACF /* Release */,
			);
			defaultConfigurationIsVisible = 0;
			defaultConfigurationName = Release;
		};
/* End XCConfigurationList section */
	};
	rootObject = 4EAD91951AB944760017FACF /* Project object */;
}
